
Microsoft Visual Studio Solution File, Format Version 12.00
# Visual Studio 2012
Project("{FAE04EC0-301F-11D3-BF4B-00C04F79EFBC}") = "Analytics.Android.Samples", "Analytics.Android.Samples.csproj", "{F9F5A5C6-72CC-411B-BF33-2745059DA577}"
EndProject
Project("{2150E333-8FDC-42A3-9474-1A3956D46DE8}") = "Solution Items", "Solution Items", "{F7B3D7F1-108D-43A0-B2BC-A4DC04745607}"
	ProjectSection(SolutionItems) = preProject
		Analytics.Android.Samples.sln = Analytics.Android.Samples.sln
	EndProjectSection
EndProject
Global
	GlobalSection(SolutionConfigurationPlatforms) = preSolution
		Debug|Any CPU = Debug|Any CPU
		Release|Any CPU = Release|Any CPU
	EndGlobalSection
	GlobalSection(ProjectConfigurationPlatforms) = postSolution
		{F9F5A5C6-72CC-411B-BF33-2745059DA577}.Debug|Any CPU.ActiveCfg = Debug|Any CPU
		{F9F5A5C6-72CC-411B-BF33-2745059DA577}.Debug|Any CPU.Build.0 = Debug|Any CPU
		{F9F5A5C6-72CC-411B-BF33-2745059DA577}.Release|Any CPU.ActiveCfg = Release|Any CPU
		{F9F5A5C6-72CC-411B-BF33-2745059DA577}.Release|Any CPU.Build.0 = Release|Any CPU
	EndGlobalSection
	GlobalSection(NestedProjects) = preSolution
	EndGlobalSection
	GlobalSection(MonoDevelopProperties) = preSolution
		StartupItem = Analytics.Android.Samples.csproj
	EndGlobalSection
EndGlobal
