
Microsoft Visual Studio Solution File, Format Version 12.00
# Visual Studio 14
VisualStudioVersion = 14.0.25420.1
MinimumVisualStudioVersion = 10.0.40219.1
Project("{FAE04EC0-301F-11D3-BF4B-00C04F79EFBC}") = "Tests", "Tests\Tests.csproj", "{DF5F3A0E-A598-45CB-802F-A06967974362}"
EndProject
Project("{2150E333-8FDC-42A3-9474-1A3956D46DE8}") = "Solution Items", "Solution Items", "{66782BD5-F803-4916-B756-63BFE1549B93}"
	ProjectSection(SolutionItems) = preProject
		Analytics.Xamarin.nuspec = Analytics.Xamarin.nuspec
		buildNuget.ps1 = buildNuget.ps1
	EndProjectSection
EndProject
Project("{FAE04EC0-301F-11D3-BF4B-00C04F79EFBC}") = "Analytics.Xamarin.Pcl", "Analytics.Xamarin.Pcl\Analytics.Xamarin.Pcl.csproj", "{F074C87F-5524-4FF6-A0A9-74DC6BD5FAA7}"
EndProject
Project("{FAE04EC0-301F-11D3-BF4B-00C04F79EFBC}") = "Analytics.Xamarin.Android", "Analytics.Xamarin.Android\Analytics.Xamarin.Android.csproj", "{5FCCF15F-BF1F-4871-B684-E02A4DD418E2}"
EndProject
Project("{FAE04EC0-301F-11D3-BF4B-00C04F79EFBC}") = "Analytics.Xamarin.iOS", "Analytics.Xamarin.iOS\Analytics.Xamarin.iOS.csproj", "{33432EE5-146F-4C0B-B9A8-D5387D758779}"
EndProject
Project("{FAE04EC0-301F-11D3-BF4B-00C04F79EFBC}") = "Analytics.Xamarin.UWP", "Analytics.Xamarin.UWP\Analytics.Xamarin.UWP.csproj", "{5020A79A-3FC9-42F3-9975-E73003391BF8}"
EndProject
Project("{FAE04EC0-301F-11D3-BF4B-00C04F79EFBC}") = "Analytics.Xamarin.Net", "Analytics.Xamarin.Net\Analytics.Xamarin.Net.csproj", "{230084FF-FC68-469A-AC69-31CBE0FE82CA}"
EndProject
Global
	GlobalSection(SolutionConfigurationPlatforms) = preSolution
		Debug|Any CPU = Debug|Any CPU
		Debug|ARM = Debug|ARM
		Debug|x64 = Debug|x64
		Debug|x86 = Debug|x86
		Release|Any CPU = Release|Any CPU
		Release|ARM = Release|ARM
		Release|x64 = Release|x64
		Release|x86 = Release|x86
	EndGlobalSection
	GlobalSection(ProjectConfigurationPlatforms) = postSolution
		{DF5F3A0E-A598-45CB-802F-A06967974362}.Debug|Any CPU.ActiveCfg = Debug|Any CPU
		{DF5F3A0E-A598-45CB-802F-A06967974362}.Debug|Any CPU.Build.0 = Debug|Any CPU
		{DF5F3A0E-A598-45CB-802F-A06967974362}.Debug|ARM.ActiveCfg = Debug|Any CPU
		{DF5F3A0E-A598-45CB-802F-A06967974362}.Debug|ARM.Build.0 = Debug|Any CPU
		{DF5F3A0E-A598-45CB-802F-A06967974362}.Debug|x64.ActiveCfg = Debug|Any CPU
		{DF5F3A0E-A598-45CB-802F-A06967974362}.Debug|x64.Build.0 = Debug|Any CPU
		{DF5F3A0E-A598-45CB-802F-A06967974362}.Debug|x86.ActiveCfg = Debug|Any CPU
		{DF5F3A0E-A598-45CB-802F-A06967974362}.Debug|x86.Build.0 = Debug|Any CPU
		{DF5F3A0E-A598-45CB-802F-A06967974362}.Release|Any CPU.ActiveCfg = Release|Any CPU
		{DF5F3A0E-A598-45CB-802F-A06967974362}.Release|Any CPU.Build.0 = Release|Any CPU
		{DF5F3A0E-A598-45CB-802F-A06967974362}.Release|ARM.ActiveCfg = Release|Any CPU
		{DF5F3A0E-A598-45CB-802F-A06967974362}.Release|ARM.Build.0 = Release|Any CPU
		{DF5F3A0E-A598-45CB-802F-A06967974362}.Release|x64.ActiveCfg = Release|Any CPU
		{DF5F3A0E-A598-45CB-802F-A06967974362}.Release|x64.Build.0 = Release|Any CPU
		{DF5F3A0E-A598-45CB-802F-A06967974362}.Release|x86.ActiveCfg = Release|Any CPU
		{DF5F3A0E-A598-45CB-802F-A06967974362}.Release|x86.Build.0 = Release|Any CPU
		{F074C87F-5524-4FF6-A0A9-74DC6BD5FAA7}.Debug|Any CPU.ActiveCfg = Debug|Any CPU
		{F074C87F-5524-4FF6-A0A9-74DC6BD5FAA7}.Debug|Any CPU.Build.0 = Debug|Any CPU
		{F074C87F-5524-4FF6-A0A9-74DC6BD5FAA7}.Debug|ARM.ActiveCfg = Debug|Any CPU
		{F074C87F-5524-4FF6-A0A9-74DC6BD5FAA7}.Debug|ARM.Build.0 = Debug|Any CPU
		{F074C87F-5524-4FF6-A0A9-74DC6BD5FAA7}.Debug|x64.ActiveCfg = Debug|Any CPU
		{F074C87F-5524-4FF6-A0A9-74DC6BD5FAA7}.Debug|x64.Build.0 = Debug|Any CPU
		{F074C87F-5524-4FF6-A0A9-74DC6BD5FAA7}.Debug|x86.ActiveCfg = Debug|Any CPU
		{F074C87F-5524-4FF6-A0A9-74DC6BD5FAA7}.Debug|x86.Build.0 = Debug|Any CPU
		{F074C87F-5524-4FF6-A0A9-74DC6BD5FAA7}.Release|Any CPU.ActiveCfg = Release|Any CPU
		{F074C87F-5524-4FF6-A0A9-74DC6BD5FAA7}.Release|Any CPU.Build.0 = Release|Any CPU
		{F074C87F-5524-4FF6-A0A9-74DC6BD5FAA7}.Release|ARM.ActiveCfg = Release|Any CPU
		{F074C87F-5524-4FF6-A0A9-74DC6BD5FAA7}.Release|ARM.Build.0 = Release|Any CPU
		{F074C87F-5524-4FF6-A0A9-74DC6BD5FAA7}.Release|x64.ActiveCfg = Release|Any CPU
		{F074C87F-5524-4FF6-A0A9-74DC6BD5FAA7}.Release|x64.Build.0 = Release|Any CPU
		{F074C87F-5524-4FF6-A0A9-74DC6BD5FAA7}.Release|x86.ActiveCfg = Release|Any CPU
		{F074C87F-5524-4FF6-A0A9-74DC6BD5FAA7}.Release|x86.Build.0 = Release|Any CPU
		{5FCCF15F-BF1F-4871-B684-E02A4DD418E2}.Debug|Any CPU.ActiveCfg = Debug|Any CPU
		{5FCCF15F-BF1F-4871-B684-E02A4DD418E2}.Debug|Any CPU.Build.0 = Debug|Any CPU
		{5FCCF15F-BF1F-4871-B684-E02A4DD418E2}.Debug|ARM.ActiveCfg = Debug|Any CPU
		{5FCCF15F-BF1F-4871-B684-E02A4DD418E2}.Debug|ARM.Build.0 = Debug|Any CPU
		{5FCCF15F-BF1F-4871-B684-E02A4DD418E2}.Debug|x64.ActiveCfg = Debug|Any CPU
		{5FCCF15F-BF1F-4871-B684-E02A4DD418E2}.Debug|x64.Build.0 = Debug|Any CPU
		{5FCCF15F-BF1F-4871-B684-E02A4DD418E2}.Debug|x86.ActiveCfg = Debug|Any CPU
		{5FCCF15F-BF1F-4871-B684-E02A4DD418E2}.Debug|x86.Build.0 = Debug|Any CPU
		{5FCCF15F-BF1F-4871-B684-E02A4DD418E2}.Release|Any CPU.ActiveCfg = Release|Any CPU
		{5FCCF15F-BF1F-4871-B684-E02A4DD418E2}.Release|Any CPU.Build.0 = Release|Any CPU
		{5FCCF15F-BF1F-4871-B684-E02A4DD418E2}.Release|ARM.ActiveCfg = Release|Any CPU
		{5FCCF15F-BF1F-4871-B684-E02A4DD418E2}.Release|ARM.Build.0 = Release|Any CPU
		{5FCCF15F-BF1F-4871-B684-E02A4DD418E2}.Release|x64.ActiveCfg = Release|Any CPU
		{5FCCF15F-BF1F-4871-B684-E02A4DD418E2}.Release|x64.Build.0 = Release|Any CPU
		{5FCCF15F-BF1F-4871-B684-E02A4DD418E2}.Release|x86.ActiveCfg = Release|Any CPU
		{5FCCF15F-BF1F-4871-B684-E02A4DD418E2}.Release|x86.Build.0 = Release|Any CPU
		{33432EE5-146F-4C0B-B9A8-D5387D758779}.Debug|Any CPU.ActiveCfg = Debug|Any CPU
		{33432EE5-146F-4C0B-B9A8-D5387D758779}.Debug|Any CPU.Build.0 = Debug|Any CPU
		{33432EE5-146F-4C0B-B9A8-D5387D758779}.Debug|ARM.ActiveCfg = Debug|Any CPU
		{33432EE5-146F-4C0B-B9A8-D5387D758779}.Debug|ARM.Build.0 = Debug|Any CPU
		{33432EE5-146F-4C0B-B9A8-D5387D758779}.Debug|x64.ActiveCfg = Debug|Any CPU
		{33432EE5-146F-4C0B-B9A8-D5387D758779}.Debug|x64.Build.0 = Debug|Any CPU
		{33432EE5-146F-4C0B-B9A8-D5387D758779}.Debug|x86.ActiveCfg = Debug|Any CPU
		{33432EE5-146F-4C0B-B9A8-D5387D758779}.Debug|x86.Build.0 = Debug|Any CPU
		{33432EE5-146F-4C0B-B9A8-D5387D758779}.Release|Any CPU.ActiveCfg = Release|Any CPU
		{33432EE5-146F-4C0B-B9A8-D5387D758779}.Release|Any CPU.Build.0 = Release|Any CPU
		{33432EE5-146F-4C0B-B9A8-D5387D758779}.Release|ARM.ActiveCfg = Release|Any CPU
		{33432EE5-146F-4C0B-B9A8-D5387D758779}.Release|ARM.Build.0 = Release|Any CPU
		{33432EE5-146F-4C0B-B9A8-D5387D758779}.Release|x64.ActiveCfg = Release|Any CPU
		{33432EE5-146F-4C0B-B9A8-D5387D758779}.Release|x64.Build.0 = Release|Any CPU
		{33432EE5-146F-4C0B-B9A8-D5387D758779}.Release|x86.ActiveCfg = Release|Any CPU
		{33432EE5-146F-4C0B-B9A8-D5387D758779}.Release|x86.Build.0 = Release|Any CPU
		{5020A79A-3FC9-42F3-9975-E73003391BF8}.Debug|Any CPU.ActiveCfg = Debug|Any CPU
		{5020A79A-3FC9-42F3-9975-E73003391BF8}.Debug|Any CPU.Build.0 = Debug|Any CPU
		{5020A79A-3FC9-42F3-9975-E73003391BF8}.Debug|ARM.ActiveCfg = Debug|ARM
		{5020A79A-3FC9-42F3-9975-E73003391BF8}.Debug|ARM.Build.0 = Debug|ARM
		{5020A79A-3FC9-42F3-9975-E73003391BF8}.Debug|x64.ActiveCfg = Debug|x64
		{5020A79A-3FC9-42F3-9975-E73003391BF8}.Debug|x64.Build.0 = Debug|x64
		{5020A79A-3FC9-42F3-9975-E73003391BF8}.Debug|x86.ActiveCfg = Debug|x86
		{5020A79A-3FC9-42F3-9975-E73003391BF8}.Debug|x86.Build.0 = Debug|x86
		{5020A79A-3FC9-42F3-9975-E73003391BF8}.Release|Any CPU.ActiveCfg = Release|Any CPU
		{5020A79A-3FC9-42F3-9975-E73003391BF8}.Release|Any CPU.Build.0 = Release|Any CPU
		{5020A79A-3FC9-42F3-9975-E73003391BF8}.Release|ARM.ActiveCfg = Release|ARM
		{5020A79A-3FC9-42F3-9975-E73003391BF8}.Release|ARM.Build.0 = Release|ARM
		{5020A79A-3FC9-42F3-9975-E73003391BF8}.Release|x64.ActiveCfg = Release|x64
		{5020A79A-3FC9-42F3-9975-E73003391BF8}.Release|x64.Build.0 = Release|x64
		{5020A79A-3FC9-42F3-9975-E73003391BF8}.Release|x86.ActiveCfg = Release|x86
		{5020A79A-3FC9-42F3-9975-E73003391BF8}.Release|x86.Build.0 = Release|x86
		{230084FF-FC68-469A-AC69-31CBE0FE82CA}.Debug|Any CPU.ActiveCfg = Debug|Any CPU
		{230084FF-FC68-469A-AC69-31CBE0FE82CA}.Debug|Any CPU.Build.0 = Debug|Any CPU
		{230084FF-FC68-469A-AC69-31CBE0FE82CA}.Debug|ARM.ActiveCfg = Debug|Any CPU
		{230084FF-FC68-469A-AC69-31CBE0FE82CA}.Debug|ARM.Build.0 = Debug|Any CPU
		{230084FF-FC68-469A-AC69-31CBE0FE82CA}.Debug|x64.ActiveCfg = Debug|Any CPU
		{230084FF-FC68-469A-AC69-31CBE0FE82CA}.Debug|x64.Build.0 = Debug|Any CPU
		{230084FF-FC68-469A-AC69-31CBE0FE82CA}.Debug|x86.ActiveCfg = Debug|Any CPU
		{230084FF-FC68-469A-AC69-31CBE0FE82CA}.Debug|x86.Build.0 = Debug|Any CPU
		{230084FF-FC68-469A-AC69-31CBE0FE82CA}.Release|Any CPU.ActiveCfg = Release|Any CPU
		{230084FF-FC68-469A-AC69-31CBE0FE82CA}.Release|Any CPU.Build.0 = Release|Any CPU
		{230084FF-FC68-469A-AC69-31CBE0FE82CA}.Release|ARM.ActiveCfg = Release|Any CPU
		{230084FF-FC68-469A-AC69-31CBE0FE82CA}.Release|ARM.Build.0 = Release|Any CPU
		{230084FF-FC68-469A-AC69-31CBE0FE82CA}.Release|x64.ActiveCfg = Release|Any CPU
		{230084FF-FC68-469A-AC69-31CBE0FE82CA}.Release|x64.Build.0 = Release|Any CPU
		{230084FF-FC68-469A-AC69-31CBE0FE82CA}.Release|x86.ActiveCfg = Release|Any CPU
		{230084FF-FC68-469A-AC69-31CBE0FE82CA}.Release|x86.Build.0 = Release|Any CPU
	EndGlobalSection
	GlobalSection(SolutionProperties) = preSolution
		HideSolutionNode = FALSE
	EndGlobalSection
	GlobalSection(MonoDevelopProperties) = preSolution
		StartupItem = Tests\Tests.csproj
	EndGlobalSection
EndGlobal
